
Microsoft Visual Studio Solution File, Format Version 12.00
# Visual Studio 2017
Project("{FAE04EC0-301F-11D3-BF4B-00C04F79EFBC}") = "HwAddOtherDll", "HwAddOtherDll.csproj", "{D7D86AF0-3E31-4C33-AAE6-948208404505}"
EndProject
Project("{FAE04EC0-301F-11D3-BF4B-00C04F79EFBC}") = "newDll", "..\newDll\newDll.csproj", "{1229B8B5-8908-4D21-BFCA-8BBE05F8E26E}"
EndProject
Global
	GlobalSection(SolutionConfigurationPlatforms) = preSolution
		Debug|Any CPU = Debug|Any CPU
		Release|Any CPU = Release|Any CPU
	EndGlobalSection
	GlobalSection(ProjectConfigurationPlatforms) = postSolution
		{D7D86AF0-3E31-4C33-AAE6-948208404505}.Debug|Any CPU.ActiveCfg = Debug|Any CPU
		{D7D86AF0-3E31-4C33-AAE6-948208404505}.Debug|Any CPU.Build.0 = Debug|Any CPU
		{D7D86AF0-3E31-4C33-AAE6-948208404505}.Release|Any CPU.ActiveCfg = Release|Any CPU
		{D7D86AF0-3E31-4C33-AAE6-948208404505}.Release|Any CPU.Build.0 = Release|Any CPU
		{1229B8B5-8908-4D21-BFCA-8BBE05F8E26E}.Debug|Any CPU.ActiveCfg = Debug|Any CPU
		{1229B8B5-8908-4D21-BFCA-8BBE05F8E26E}.Debug|Any CPU.Build.0 = Debug|Any CPU
		{1229B8B5-8908-4D21-BFCA-8BBE05F8E26E}.Release|Any CPU.ActiveCfg = Release|Any CPU
		{1229B8B5-8908-4D21-BFCA-8BBE05F8E26E}.Release|Any CPU.Build.0 = Release|Any CPU
	EndGlobalSection
EndGlobal
